
Microsoft Visual Studio Solution File, Format Version 12.00
# Visual Studio Version 17
VisualStudioVersion = 17.11.35431.28
MinimumVisualStudioVersion = 10.0.40219.1
Project("{FAE04EC0-301F-11D3-BF4B-00C04F79EFBC}") = "AuthServer.API", "AuthServer.API\AuthServer.API.csproj", "{1EE60D53-E047-4F9C-B5AA-ADFACECAA7C1}"
EndProject
Global
	GlobalSection(SolutionConfigurationPlatforms) = preSolution
		Debug|Any CPU = Debug|Any CPU
		Release|Any CPU = Release|Any CPU
	EndGlobalSection
	GlobalSection(ProjectConfigurationPlatforms) = postSolution
		{1EE60D53-E047-4F9C-B5AA-ADFACECAA7C1}.Debug|Any CPU.ActiveCfg = Debug|Any CPU
		{1EE60D53-E047-4F9C-B5AA-ADFACECAA7C1}.Debug|Any CPU.Build.0 = Debug|Any CPU
		{1EE60D53-E047-4F9C-B5AA-ADFACECAA7C1}.Release|Any CPU.ActiveCfg = Release|Any CPU
		{1EE60D53-E047-4F9C-B5AA-ADFACECAA7C1}.Release|Any CPU.Build.0 = Release|Any CPU
	EndGlobalSection
	GlobalSection(SolutionProperties) = preSolution
		HideSolutionNode = FALSE
	EndGlobalSection
	GlobalSection(ExtensibilityGlobals) = postSolution
		SolutionGuid = {6ECC7E3A-42C2-4210-80E3-AB5C05B9F41A}
	EndGlobalSection
EndGlobal
